<?xml version="1.0" encoding="utf-8"?>
<Project ToolsVersion="4.0" xmlns="http://schemas.microsoft.com/developer/msbuild/2003">
  <ItemGroup>
    <Filter Include="Resource Files">
      <UniqueIdentifier>{67DA6AB6-F800-4c08-8B7A-83BB121AAD01}</UniqueIdentifier>
      <Extensions>rc;ico;cur;bmp;dlg;rc2;rct;bin;rgs;gif;jpg;jpeg;jpe;resx;tiff;tif;png;wav;mfcribbon-ms</Extensions>
    </Filter>
  </ItemGroup>
  <ItemGroup>
    <ClInclude Include="src\Actor.h" />
    <ClInclude Include="src\ConsoleSettingsHandler.h" />
    <ClInclude Include="src\constants.h" />
    <ClInclude Include="src\Game.h" />
    <ClInclude Include="src\GameMenu.h" />
    <ClInclude Include="src\Ghost.h" />
    <ClInclude Include="src\KeyboardInput.h" />
    <ClInclude Include="src\PacMan.h" />
    <ClInclude Include="src\CareTakerGhost.h" />
    <ClInclude Include="src\Memento.h" />
  </ItemGroup>
  <ItemGroup>
    <ClCompile Include="src\ConsoleSettingsHandler.cpp" />
    <ClCompile Include="src\Game.cpp" />
    <ClCompile Include="src\GameMenu.cpp" />
    <ClCompile Include="src\Ghost.cpp" />
    <ClCompile Include="src\PacMan.cpp" />
    <ClCompile Include="src\Source.cpp" />
    <ClCompile Include="src\CareTakerGhost.cpp" />
    <ClCompile Include="src\Memento.cpp" />
  </ItemGroup>
</Project>